<?xml version="1.0" encoding="utf-8"?>
<Project ToolsVersion="4.0" xmlns="http://schemas.microsoft.com/developer/msbuild/2003">
  <ItemGroup>
    <ClCompile Include="AdjacencyMatrix.cpp" />
    <ClCompile Include="Backpack.cpp" />
    <ClCompile Include="BackpackProblem.cpp" />
    <ClCompile Include="Edge.cpp" />
    <ClCompile Include="Graph.cpp" />
    <ClCompile Include="Item.cpp" />
    <ClCompile Include="main.cpp" />
    <ClCompile Include="TSP.cpp" />
    <ClCompile Include="PerformanceTests.cpp" />
  </ItemGroup>
  <ItemGroup>
    <ClInclude Include="AdjacencyMatrix.h" />
    <ClInclude Include="Backpack.h" />
    <ClInclude Include="BackpackProblem.h" />
    <ClInclude Include="Edge.h" />
    <ClInclude Include="Graph.h" />
    <ClInclude Include="Item.h" />
    <ClInclude Include="TSP.h" />
    <ClInclude Include="PerformanceTests.h" />
  </ItemGroup>
</Project>